
Microsoft Visual Studio Solution File, Format Version 12.00
# Visual Studio 2013
VisualStudioVersion = 12.0.40629.0
MinimumVisualStudioVersion = 10.0.40219.1
Project("{FAE04EC0-301F-11D3-BF4B-00C04F79EFBC}") = "TargetPlatformChecker", "TargetPlatformReader\TargetPlatformChecker.csproj", "{6490B339-A810-40D1-868B-768453C1287B}"
EndProject
Project("{FAE04EC0-301F-11D3-BF4B-00C04F79EFBC}") = "TPCheckerConsole", "TPCheckerConsole\TPCheckerConsole.csproj", "{8F3E77BA-C948-4C92-B0B4-171BB43A0510}"
EndProject
Global
	GlobalSection(SolutionConfigurationPlatforms) = preSolution
		Debug|Any CPU = Debug|Any CPU
		Release|Any CPU = Release|Any CPU
	EndGlobalSection
	GlobalSection(ProjectConfigurationPlatforms) = postSolution
		{6490B339-A810-40D1-868B-768453C1287B}.Debug|Any CPU.ActiveCfg = Debug|Any CPU
		{6490B339-A810-40D1-868B-768453C1287B}.Debug|Any CPU.Build.0 = Debug|Any CPU
		{6490B339-A810-40D1-868B-768453C1287B}.Release|Any CPU.ActiveCfg = Release|Any CPU
		{6490B339-A810-40D1-868B-768453C1287B}.Release|Any CPU.Build.0 = Release|Any CPU
		{8F3E77BA-C948-4C92-B0B4-171BB43A0510}.Debug|Any CPU.ActiveCfg = Debug|Any CPU
		{8F3E77BA-C948-4C92-B0B4-171BB43A0510}.Debug|Any CPU.Build.0 = Debug|Any CPU
		{8F3E77BA-C948-4C92-B0B4-171BB43A0510}.Release|Any CPU.ActiveCfg = Release|Any CPU
		{8F3E77BA-C948-4C92-B0B4-171BB43A0510}.Release|Any CPU.Build.0 = Release|Any CPU
	EndGlobalSection
	GlobalSection(SolutionProperties) = preSolution
		HideSolutionNode = FALSE
	EndGlobalSection
EndGlobal
